// !$*UTF8*$!
{
	archiveVersion = 1;
	classes = {
	};
	objectVersion = 50;
	objects = {

/* Begin PBXBuildFile section */
		F22A159924DBB4D6000702BA /* AppDelegate.m in Sources */ = {isa = PBXBuildFile; fileRef = F22A159824DBB4D6000702BA /* AppDelegate.m */; };
		F22A159C24DBB4D6000702BA /* SceneDelegate.m in Sources */ = {isa = PBXBuildFile; fileRef = F22A159B24DBB4D6000702BA /* SceneDelegate.m */; };
		F22A159F24DBB4D6000702BA /* ViewController.m in Sources */ = {isa = PBXBuildFile; fileRef = F22A159E24DBB4D6000702BA /* ViewController.m */; };
		F22A15A224DBB4D6000702BA /* Main.storyboard in Resources */ = {isa = PBXBuildFile; fileRef = F22A15A024DBB4D6000702BA /* Main.storyboard */; };
		F22A15A424DBB4D7000702BA /* Assets.xcassets in Resources */ = {isa = PBXBuildFile; fileRef = F22A15A324DBB4D7000702BA /* Assets.xcassets */; };
		F22A15A724DBB4D7000702BA /* LaunchScreen.storyboard in Resources */ = {isa = PBXBuildFile; fileRef = F22A15A524DBB4D7000702BA /* LaunchScreen.storyboard */; };
		F22A15AA24DBB4D7000702BA /* main.m in Sources */ = {isa = PBXBuildFile; fileRef = F22A15A924DBB4D7000702BA /* main.m */; };
/* End PBXBuildFile section */

/* Begin PBXFileReference section */
		F22A159424DBB4D6000702BA /* CoreAnimation-01.app */ = {isa = PBXFileReference; explicitFileType = wrapper.application; includeInIndex = 0; path = "CoreAnimation-01.app"; sourceTree = BUILT_PRODUCTS_DIR; };
		F22A159724DBB4D6000702BA /* AppDelegate.h */ = {isa = PBXFileReference; lastKnownFileType = sourcecode.c.h; path = AppDelegate.h; sourceTree = "<group>"; };
		F22A159824DBB4D6000702BA /* AppDelegate.m */ = {isa = PBXFileReference; lastKnownFileType = sourcecode.c.objc; path = AppDelegate.m; sourceTree = "<group>"; };
		F22A159A24DBB4D6000702BA /* SceneDelegate.h */ = {isa = PBXFileReference; lastKnownFileType = sourcecode.c.h; path = SceneDelegate.h; sourceTree = "<group>"; };
		F22A159B24DBB4D6000702BA /* SceneDelegate.m */ = {isa = PBXFileReference; lastKnownFileType = sourcecode.c.objc; path = SceneDelegate.m; sourceTree = "<group>"; };
		F22A159D24DBB4D6000702BA /* ViewController.h */ = {isa = PBXFileReference; lastKnownFileType = sourcecode.c.h; path = ViewController.h; sourceTree = "<group>"; };
		F22A159E24DBB4D6000702BA /* ViewController.m */ = {isa = PBXFileReference; lastKnownFileType = sourcecode.c.objc; path = ViewController.m; sourceTree = "<group>"; };
		F22A15A124DBB4D6000702BA /* Base */ = {isa = PBXFileReference; lastKnownFileType = file.storyboard; name = Base; path = Base.lproj/Main.storyboard; sourceTree = "<group>"; };
		F22A15A324DBB4D7000702BA /* Assets.xcassets */ = {isa = PBXFileReference; lastKnownFileType = folder.assetcatalog; path = Assets.xcassets; sourceTree = "<group>"; };
		F22A15A624DBB4D7000702BA /* Base */ = {isa = PBXFileReference; lastKnownFileType = file.storyboard; name = Base; path = Base.lproj/LaunchScreen.storyboard; sourceTree = "<group>"; };
		F22A15A824DBB4D7000702BA /* Info.plist */ = {isa = PBXFileReference; lastKnownFileType = text.plist.xml; path = Info.plist; sourceTree = "<group>"; };
		F22A15A924DBB4D7000702BA /* main.m */ = {isa = PBXFileReference; lastKnownFileType = sourcecode.c.objc; path = main.m; sourceTree = "<group>"; };
/* End PBXFileReference section */

/* Begin PBXFrameworksBuildPhase section */
		F22A159124DBB4D6000702BA /* Frameworks */ = {
			isa = PBXFrameworksBuildPhase;
			buildActionMask = 2147483647;
			files = (
			);
			runOnlyForDeploymentPostprocessing = 0;
		};
/* End PBXFrameworksBuildPhase section */

/* Begin PBXGroup section */
		F22A158B24DBB4D6000702BA = {
			isa = PBXGroup;
			children = (
				F22A159624DBB4D6000702BA /* CoreAnimation-01 */,
				F22A159524DBB4D6000702BA /* Products */,
			);
			sourceTree = "<group>";
		};
		F22A159524DBB4D6000702BA /* Products */ = {
			isa = PBXGroup;
			children = (
				F22A159424DBB4D6000702BA /* CoreAnimation-01.app */,
			);
			name = Products;
			sourceTree = "<group>";
		};
		F22A159624DBB4D6000702BA /* CoreAnimation-01 */ = {
			isa = PBXGroup;
			children = (
				F22A159724DBB4D6000702BA /* AppDelegate.h */,
				F22A159824DBB4D6000702BA /* AppDelegate.m */,
				F22A159A24DBB4D6000702BA /* SceneDelegate.h */,
				F22A159B24DBB4D6000702BA /* SceneDelegate.m */,
				F22A159D24DBB4D6000702BA /* ViewController.h */,
				F22A159E24DBB4D6000702BA /* ViewController.m */,
				F22A15A024DBB4D6000702BA /* Main.storyboard */,
				F22A15A324DBB4D7000702BA /* Assets.xcassets */,
				F22A15A524DBB4D7000702BA /* LaunchScreen.storyboard */,
				F22A15A824DBB4D7000702BA /* Info.plist */,
				F22A15A924DBB4D7000702BA /* main.m */,
			);
			path = "CoreAnimation-01";
			sourceTree = "<group>";
		};
/* End PBXGroup section */

/* Begin PBXNativeTarget section */
		F22A159324DBB4D6000702BA /* CoreAnimation-01 */ = {
			isa = PBXNativeTarget;
			buildConfigurationList = F22A15AD24DBB4D7000702BA /* Build configuration list for PBXNativeTarget "CoreAnimation-01" */;
			buildPhases = (
				F22A159024DBB4D6000702BA /* Sources */,
				F22A159124DBB4D6000702BA /* Frameworks */,
				F22A159224DBB4D6000702BA /* Resources */,
			);
			buildRules = (
			);
			dependencies = (
			);
			name = "CoreAnimation-01";
			productName = "CoreAnimation-01";
			productReference = F22A159424DBB4D6000702BA /* CoreAnimation-01.app */;
			productType = "com.apple.product-type.application";
		};
/* End PBXNativeTarget section */

/* Begin PBXProject section */
		F22A158C24DBB4D6000702BA /* Project object */ = {
			isa = PBXProject;
			attributes = {
				LastUpgradeCheck = 1150;
				ORGANIZATIONNAME = yuanfangzhuye;
				TargetAttributes = {
					F22A159324DBB4D6000702BA = {
						CreatedOnToolsVersion = 11.5;
					};
				};
			};
			buildConfigurationList = F22A158F24DBB4D6000702BA /* Build configuration list for PBXProject "CoreAnimation-01" */;
			compatibilityVersion = "Xcode 9.3";
			developmentRegion = en;
			hasScannedForEncodings = 0;
			knownRegions = (
				en,
				Base,
			);
			mainGroup = F22A158B24DBB4D6000702BA;
			productRefGroup = F22A159524DBB4D6000702BA /* Products */;
			projectDirPath = "";
			projectRoot = "";
			targets = (
				F22A159324DBB4D6000702BA /* CoreAnimation-01 */,
			);
		};
/* End PBXProject section */

/* Begin PBXResourcesBuildPhase section */
		F22A159224DBB4D6000702BA /* Resources */ = {
			isa = PBXResourcesBuildPhase;
			buildActionMask = 2147483647;
			files = (
				F22A15A724DBB4D7000702BA /* LaunchScreen.storyboard in Resources */,
				F22A15A424DBB4D7000702BA /* Assets.xcassets in Resources */,
				F22A15A224DBB4D6000702BA /* Main.storyboard in Resources */,
			);
			runOnlyForDeploymentPostprocessing = 0;
		};
/* End PBXResourcesBuildPhase section */

/* Begin PBXSourcesBuildPhase section */
		F22A159024DBB4D6000702BA /* Sources */ = {
			isa = PBXSourcesBuildPhase;
			buildActionMask = 2147483647;
			files = (
				F22A159F24DBB4D6000702BA /* ViewController.m in Sources */,
				F22A159924DBB4D6000702BA /* AppDelegate.m in Sources */,
				F22A15AA24DBB4D7000702BA /* main.m in Sources */,
				F22A159C24DBB4D6000702BA /* SceneDelegate.m in Sources */,
			);
			runOnlyForDeploymentPostprocessing = 0;
		};
/* End PBXSourcesBuildPhase section */

/* Begin PBXVariantGroup section */
		F22A15A024DBB4D6000702BA /* Main.storyboard */ = {
			isa = PBXVariantGroup;
			children = (
				F22A15A124DBB4D6000702BA /* Base */,
			);
			name = Main.storyboard;
			sourceTree = "<group>";
		};
		F22A15A524DBB4D7000702BA /* LaunchScreen.storyboard */ = {
			isa = PBXVariantGroup;
			children = (
				F22A15A624DBB4D7000702BA /* Base */,
			);
			name = LaunchScreen.storyboard;
			sourceTree = "<group>";
		};
/* End PBXVariantGroup section */

/* Begin XCBuildConfiguration section */
		F22A15AB24DBB4D7000702BA /* Debug */ = {
			isa = XCBuildConfiguration;
			buildSettings = {
				ALWAYS_SEARCH_USER_PATHS = NO;
				CLANG_ANALYZER_NONNULL = YES;
				CLANG_ANALYZER_NUMBER_OBJECT_CONVERSION = YES_AGGRESSIVE;
				CLANG_CXX_LANGUAGE_STANDARD = "gnu++14";
				CLANG_CXX_LIBRARY = "libc++";
				CLANG_ENABLE_MODULES = YES;
				CLANG_ENABLE_OBJC_ARC = YES;
				CLANG_ENABLE_OBJC_WEAK = YES;
				CLANG_WARN_BLOCK_CAPTURE_AUTORELEASING = YES;
				CLANG_WARN_BOOL_CONVERSION = YES;
				CLANG_WARN_COMMA = YES;
				CLANG_WARN_CONSTANT_CONVERSION = YES;
				CLANG_WARN_DEPRECATED_OBJC_IMPLEMENTATIONS = YES;
				CLANG_WARN_DIRECT_OBJC_ISA_USAGE = YES_ERROR;
				CLANG_WARN_DOCUMENTATION_COMMENTS = YES;
				CLANG_WARN_EMPTY_BODY = YES;
				CLANG_WARN_ENUM_CONVERSION = YES;
				CLANG_WARN_INFINITE_RECURSION = YES;
				CLANG_WARN_INT_CONVERSION = YES;
				CLANG_WARN_NON_LITERAL_NULL_CONVERSION = YES;
				CLANG_WARN_OBJC_IMPLICIT_RETAIN_SELF = YES;
				CLANG_WARN_OBJC_LITERAL_CONVERSION = YES;
				CLANG_WARN_OBJC_ROOT_CLASS = YES_ERROR;
				CLANG_WARN_RANGE_LOOP_ANALYSIS = YES;
				CLANG_WARN_STRICT_PROTOTYPES = YES;
				CLANG_WARN_SUSPICIOUS_MOVE = YES;
				CLANG_WARN_UNGUARDED_AVAILABILITY = YES_AGGRESSIVE;
				CLANG_WARN_UNREACHABLE_CODE = YES;
				CLANG_WARN__DUPLICATE_METHOD_MATCH = YES;
				COPY_PHASE_STRIP = NO;
				DEBUG_INFORMATION_FORMAT = dwarf;
				ENABLE_STRICT_OBJC_MSGSEND = YES;
				ENABLE_TESTABILITY = YES;
				GCC_C_LANGUAGE_STANDARD = gnu11;
				GCC_DYNAMIC_NO_PIC = NO;
				GCC_NO_COMMON_BLOCKS = YES;
				GCC_OPTIMIZATION_LEVEL = 0;
				GCC_PREPROCESSOR_DEFINITIONS = (
					"DEBUG=1",
					"$(inherited)",
				);
				GCC_WARN_64_TO_32_BIT_CONVERSION = YES;
				GCC_WARN_ABOUT_RETURN_TYPE = YES_ERROR;
				GCC_WARN_UNDECLARED_SELECTOR = YES;
				GCC_WARN_UNINITIALIZED_AUTOS = YES_AGGRESSIVE;
				GCC_WARN_UNUSED_FUNCTION = YES;
				GCC_WARN_UNUSED_VARIABLE = YES;
				IPHONEOS_DEPLOYMENT_TARGET = 13.5;
				MTL_ENABLE_DEBUG_INFO = INCLUDE_SOURCE;
				MTL_FAST_MATH = YES;
				ONLY_ACTIVE_ARCH = YES;
				SDKROOT = iphoneos;
			};
			name = Debug;
		};
		F22A15AC24DBB4D7000702BA /* Release */ = {
			isa = XCBuildConfiguration;
			buildSettings = {
				ALWAYS_SEARCH_USER_PATHS = NO;
				CLANG_ANALYZER_NONNULL = YES;
				CLANG_ANALYZER_NUMBER_OBJECT_CONVERSION = YES_AGGRESSIVE;
				CLANG_CXX_LANGUAGE_STANDARD = "gnu++14";
				CLANG_CXX_LIBRARY = "libc++";
				CLANG_ENABLE_MODULES = YES;
				CLANG_ENABLE_OBJC_ARC = YES;
				CLANG_ENABLE_OBJC_WEAK = YES;
				CLANG_WARN_BLOCK_CAPTURE_AUTORELEASING = YES;
				CLANG_WARN_BOOL_CONVERSION = YES;
				CLANG_WARN_COMMA = YES;
				CLANG_WARN_CONSTANT_CONVERSION = YES;
				CLANG_WARN_DEPRECATED_OBJC_IMPLEMENTATIONS = YES;
				CLANG_WARN_DIRECT_OBJC_ISA_USAGE = YES_ERROR;
				CLANG_WARN_DOCUMENTATION_COMMENTS = YES;
				CLANG_WARN_EMPTY_BODY = YES;
				CLANG_WARN_ENUM_CONVERSION = YES;
				CLANG_WARN_INFINITE_RECURSION = YES;
				CLANG_WARN_INT_CONVERSION = YES;
				CLANG_WARN_NON_LITERAL_NULL_CONVERSION = YES;
				CLANG_WARN_OBJC_IMPLICIT_RETAIN_SELF = YES;
				CLANG_WARN_OBJC_LITERAL_CONVERSION = YES;
				CLANG_WARN_OBJC_ROOT_CLASS = YES_ERROR;
				CLANG_WARN_RANGE_LOOP_ANALYSIS = YES;
				CLANG_WARN_STRICT_PROTOTYPES = YES;
				CLANG_WARN_SUSPICIOUS_MOVE = YES;
				CLANG_WARN_UNGUARDED_AVAILABILITY = YES_AGGRESSIVE;
				CLANG_WARN_UNREACHABLE_CODE = YES;
				CLANG_WARN__DUPLICATE_METHOD_MATCH = YES;
				COPY_PHASE_STRIP = NO;
				DEBUG_INFORMATION_FORMAT = "dwarf-with-dsym";
				ENABLE_NS_ASSERTIONS = NO;
				ENABLE_STRICT_OBJC_MSGSEND = YES;
				GCC_C_LANGUAGE_STANDARD = gnu11;
				GCC_NO_COMMON_BLOCKS = YES;
				GCC_WARN_64_TO_32_BIT_CONVERSION = YES;
				GCC_WARN_ABOUT_RETURN_TYPE = YES_ERROR;
				GCC_WARN_UNDECLARED_SELECTOR = YES;
				GCC_WARN_UNINITIALIZED_AUTOS = YES_AGGRESSIVE;
				GCC_WARN_UNUSED_FUNCTION = YES;
				GCC_WARN_UNUSED_VARIABLE = YES;
				IPHONEOS_DEPLOYMENT_TARGET = 13.5;
				MTL_ENABLE_DEBUG_INFO = NO;
				MTL_FAST_MATH = YES;
				SDKROOT = iphoneos;
				VALIDATE_PRODUCT = YES;
			};
			name = Release;
		};
		F22A15AE24DBB4D7000702BA /* Debug */ = {
			isa = XCBuildConfiguration;
			buildSettings = {
				ASSETCATALOG_COMPILER_APPICON_NAME = AppIcon;
				CODE_SIGN_STYLE = Automatic;
				INFOPLIST_FILE = "CoreAnimation-01/Info.plist";
				LD_RUNPATH_SEARCH_PATHS = (
					"$(inherited)",
					"@executable_path/Frameworks",
				);
				PRODUCT_BUNDLE_IDENTIFIER = "cn.com.yuanfangzhuye.CoreAnimation-01";
				PRODUCT_NAME = "$(TARGET_NAME)";
				TARGETED_DEVICE_FAMILY = "1,2";
			};
			name = Debug;
		};
		F22A15AF24DBB4D7000702BA /* Release */ = {
			isa = XCBuildConfiguration;
			buildSettings = {
				ASSETCATALOG_COMPILER_APPICON_NAME = AppIcon;
				CODE_SIGN_STYLE = Automatic;
				INFOPLIST_FILE = "CoreAnimation-01/Info.plist";
				LD_RUNPATH_SEARCH_PATHS = (
					"$(inherited)",
					"@executable_path/Frameworks",
				);
				PRODUCT_BUNDLE_IDENTIFIER = "cn.com.yuanfangzhuye.CoreAnimation-01";
				PRODUCT_NAME = "$(TARGET_NAME)";
				TARGETED_DEVICE_FAMILY = "1,2";
			};
			name = Release;
		};
/* End XCBuildConfiguration section */

/* Begin XCConfigurationList section */
		F22A158F24DBB4D6000702BA /* Build configuration list for PBXProject "CoreAnimation-01" */ = {
			isa = XCConfigurationList;
			buildConfigurations = (
				F22A15AB24DBB4D7000702BA /* Debug */,
				F22A15AC24DBB4D7000702BA /* Release */,
			);
			defaultConfigurationIsVisible = 0;
			defaultConfigurationName = Release;
		};
		F22A15AD24DBB4D7000702BA /* Build configuration list for PBXNativeTarget "CoreAnimation-01" */ = {
			isa = XCConfigurationList;
			buildConfigurations = (
				F22A15AE24DBB4D7000702BA /* Debug */,
				F22A15AF24DBB4D7000702BA /* Release */,
			);
			defaultConfigurationIsVisible = 0;
			defaultConfigurationName = Release;
		};
/* End XCConfigurationList section */
	};
	rootObject = F22A158C24DBB4D6000702BA /* Project object */;
}
